
Microsoft Visual Studio Solution File, Format Version 12.00
# Visual Studio 15
VisualStudioVersion = 15.0.27428.2027
MinimumVisualStudioVersion = 10.0.40219.1
Project("{888888A0-9F3D-457C-B088-3A5042F75D52}") = "aproximationPy", "aproximationPy\aproximationPy.pyproj", "{CA0105AF-C901-4C70-8669-58CDED0AF33B}"
EndProject
Global
	GlobalSection(SolutionConfigurationPlatforms) = preSolution
		Debug|Any CPU = Debug|Any CPU
		Release|Any CPU = Release|Any CPU
	EndGlobalSection
	GlobalSection(ProjectConfigurationPlatforms) = postSolution
		{CA0105AF-C901-4C70-8669-58CDED0AF33B}.Debug|Any CPU.ActiveCfg = Debug|Any CPU
		{CA0105AF-C901-4C70-8669-58CDED0AF33B}.Release|Any CPU.ActiveCfg = Release|Any CPU
	EndGlobalSection
	GlobalSection(SolutionProperties) = preSolution
		HideSolutionNode = FALSE
	EndGlobalSection
	GlobalSection(ExtensibilityGlobals) = postSolution
		SolutionGuid = {3266F8AC-0C23-4143-AAFF-7A05AC87D1F6}
	EndGlobalSection
EndGlobal
